# THIS IS AN AUTOGENERATED FILE. DO NOT EDIT THIS FILE DIRECTLY.
# yarn lockfile v1


text-encoding-polyfill@^0.6.7:
  version "0.6.7"
  resolved "https://registry.yarnpkg.com/text-encoding-polyfill/-/text-encoding-polyfill-0.6.7.tgz#4d27de0153e4c86eb2631ffd74c2f3f57969a9ec"
  integrity sha512-/DZ1XJqhbqRkCop6s9ZFu8JrFRwmVuHg4quIRm+ziFkR3N3ec6ck6yBvJ1GYeEQZhLVwRW0rZE+C3SSJpy0RTg==
